// !$*UTF8*$!
{
	archiveVersion = 1;
	classes = {
	};
	objectVersion = 50;
	objects = {

/* Begin PBXBuildFile section */
		022E3A9320D0FAB2000ECEDA /* Session.swift in Sources */ = {isa = PBXBuildFile; fileRef = 022E3A9220D0FAB2000ECEDA /* Session.swift */; };
		022E3A9520D13093000ECEDA /* TranslationsDataManager.swift in Sources */ = {isa = PBXBuildFile; fileRef = 022E3A9420D13093000ECEDA /* TranslationsDataManager.swift */; };
		025AD38020C6D513007E4695 /* main.swift in Sources */ = {isa = PBXBuildFile; fileRef = 025AD37F20C6D513007E4695 /* main.swift */; };
		025AD38E20C6D538007E4695 /* Log.swift in Sources */ = {isa = PBXBuildFile; fileRef = 025AD38520C6D537007E4695 /* Log.swift */; };
		025AD38F20C6D538007E4695 /* System.swift in Sources */ = {isa = PBXBuildFile; fileRef = 025AD38620C6D537007E4695 /* System.swift */; };
		025AD39020C6D538007E4695 /* Dispatch.swift in Sources */ = {isa = PBXBuildFile; fileRef = 025AD38720C6D537007E4695 /* Dispatch.swift */; };
		025AD39120C6D538007E4695 /* Strings.swift in Sources */ = {isa = PBXBuildFile; fileRef = 025AD38920C6D538007E4695 /* Strings.swift */; };
		025AD39220C6D538007E4695 /* ArgumentsValidator.swift in Sources */ = {isa = PBXBuildFile; fileRef = 025AD38A20C6D538007E4695 /* ArgumentsValidator.swift */; };
		025AD39320C6D538007E4695 /* Abort.swift in Sources */ = {isa = PBXBuildFile; fileRef = 025AD38B20C6D538007E4695 /* Abort.swift */; };
		025AD39420C6D538007E4695 /* ConfigurationFile.swift in Sources */ = {isa = PBXBuildFile; fileRef = 025AD38C20C6D538007E4695 /* ConfigurationFile.swift */; };
		025AD39520C6D538007E4695 /* App.swift in Sources */ = {isa = PBXBuildFile; fileRef = 025AD38D20C6D538007E4695 /* App.swift */; };
		025AD39720C6D93B007E4695 /* Request.swift in Sources */ = {isa = PBXBuildFile; fileRef = 025AD39620C6D93B007E4695 /* Request.swift */; };
		025AD39820C6D940007E4695 /* Request.swift in Sources */ = {isa = PBXBuildFile; fileRef = 025AD39620C6D93B007E4695 /* Request.swift */; };
		0291D8D520C7D7A000B95143 /* Configuration.swift in Sources */ = {isa = PBXBuildFile; fileRef = 0291D8D420C7D7A000B95143 /* Configuration.swift */; };
		0291D8D620C7DEB300B95143 /* ConfigurationService.swift in Sources */ = {isa = PBXBuildFile; fileRef = 6102942420C698B4002C65E0 /* ConfigurationService.swift */; };
		0291D8D720C7DEE500B95143 /* Configuration.swift in Sources */ = {isa = PBXBuildFile; fileRef = 0291D8D420C7D7A000B95143 /* Configuration.swift */; };
		0291D8D820C7DFFC00B95143 /* TranslationsService.swift in Sources */ = {isa = PBXBuildFile; fileRef = 6102942620C698D1002C65E0 /* TranslationsService.swift */; };
		0291D8DA20C7E08600B95143 /* DownloadManager.swift in Sources */ = {isa = PBXBuildFile; fileRef = 0291D8D920C7E08600B95143 /* DownloadManager.swift */; };
		0291D8DC20C7E37800B95143 /* ConfigurationService+Throw.swift in Sources */ = {isa = PBXBuildFile; fileRef = 0291D8DB20C7E37800B95143 /* ConfigurationService+Throw.swift */; };
		0291D8DE20C7E3D000B95143 /* TranslationService+Throw.swift in Sources */ = {isa = PBXBuildFile; fileRef = 0291D8DD20C7E3D000B95143 /* TranslationService+Throw.swift */; };
		0291D8E020C7EECE00B95143 /* NSError+Extension.swift in Sources */ = {isa = PBXBuildFile; fileRef = 0291D8DF20C7EECE00B95143 /* NSError+Extension.swift */; };
		0291D8E120C7EEFC00B95143 /* NSError+Extension.swift in Sources */ = {isa = PBXBuildFile; fileRef = 0291D8DF20C7EECE00B95143 /* NSError+Extension.swift */; };
		0291D8E320C7F28D00B95143 /* TranslationFile.swift in Sources */ = {isa = PBXBuildFile; fileRef = 0291D8E220C7F28D00B95143 /* TranslationFile.swift */; };
		0291D8E720C8249300B95143 /* Date+Extension.swift in Sources */ = {isa = PBXBuildFile; fileRef = 0291D8E620C8249300B95143 /* Date+Extension.swift */; };
		0291D8E820C8249600B95143 /* Date+Extension.swift in Sources */ = {isa = PBXBuildFile; fileRef = 0291D8E620C8249300B95143 /* Date+Extension.swift */; };
		6102941F20C69812002C65E0 /* GIGTranslations.swift in Sources */ = {isa = PBXBuildFile; fileRef = 6102941E20C69812002C65E0 /* GIGTranslations.swift */; };
		6102942520C698B4002C65E0 /* ConfigurationService.swift in Sources */ = {isa = PBXBuildFile; fileRef = 6102942420C698B4002C65E0 /* ConfigurationService.swift */; };
		6102942720C698D1002C65E0 /* TranslationsService.swift in Sources */ = {isa = PBXBuildFile; fileRef = 6102942620C698D1002C65E0 /* TranslationsService.swift */; };
		615A41A820CA817200542957 /* AppDelegate.swift in Sources */ = {isa = PBXBuildFile; fileRef = 615A41A720CA817200542957 /* AppDelegate.swift */; };
		615A41AA20CA817200542957 /* MainViewController.swift in Sources */ = {isa = PBXBuildFile; fileRef = 615A41A920CA817200542957 /* MainViewController.swift */; };
		615A41AD20CA817200542957 /* Main.storyboard in Resources */ = {isa = PBXBuildFile; fileRef = 615A41AB20CA817200542957 /* Main.storyboard */; };
		615A41AF20CA817300542957 /* Assets.xcassets in Resources */ = {isa = PBXBuildFile; fileRef = 615A41AE20CA817300542957 /* Assets.xcassets */; };
		615A41B220CA817300542957 /* LaunchScreen.storyboard in Resources */ = {isa = PBXBuildFile; fileRef = 615A41B020CA817300542957 /* LaunchScreen.storyboard */; };
		615A41BD20CA817400542957 /* GIGTranslationsDemoTests.swift in Sources */ = {isa = PBXBuildFile; fileRef = 615A41BC20CA817400542957 /* GIGTranslationsDemoTests.swift */; };
		615A41CC20CA8AF900542957 /* MainPresenter.swift in Sources */ = {isa = PBXBuildFile; fileRef = 615A41CB20CA8AF900542957 /* MainPresenter.swift */; };
		615A41CE20CA910400542957 /* MainWireframe.swift in Sources */ = {isa = PBXBuildFile; fileRef = 615A41CD20CA910400542957 /* MainWireframe.swift */; };
		615A41D320CAA0F600542957 /* ConfigurationSetupViewController.swift in Sources */ = {isa = PBXBuildFile; fileRef = 615A41D220CAA0F600542957 /* ConfigurationSetupViewController.swift */; };
		615A41D520CAA10F00542957 /* LanguageSetupViewController.swift in Sources */ = {isa = PBXBuildFile; fileRef = 615A41D420CAA10F00542957 /* LanguageSetupViewController.swift */; };
		615A41D720CAA11D00542957 /* TranslateViewController.swift in Sources */ = {isa = PBXBuildFile; fileRef = 615A41D620CAA11D00542957 /* TranslateViewController.swift */; };
		615A41D920CAAC3300542957 /* LanguageTableViewCell.swift in Sources */ = {isa = PBXBuildFile; fileRef = 615A41D820CAAC3300542957 /* LanguageTableViewCell.swift */; };
		615A41DB20CAAC6200542957 /* TranslateTableViewCell.swift in Sources */ = {isa = PBXBuildFile; fileRef = 615A41DA20CAAC6200542957 /* TranslateTableViewCell.swift */; };
		615A41DD20CAACBB00542957 /* TranslatePresenter.swift in Sources */ = {isa = PBXBuildFile; fileRef = 615A41DC20CAACBB00542957 /* TranslatePresenter.swift */; };
		615A41DF20CAACCD00542957 /* LanguageSetupPresenter.swift in Sources */ = {isa = PBXBuildFile; fileRef = 615A41DE20CAACCD00542957 /* LanguageSetupPresenter.swift */; };
		615A41E120CAACE400542957 /* ConfigurationSetupPresenter.swift in Sources */ = {isa = PBXBuildFile; fileRef = 615A41E020CAACE400542957 /* ConfigurationSetupPresenter.swift */; };
		6190366520C54B27005897C0 /* GIGTranslations.framework in Frameworks */ = {isa = PBXBuildFile; fileRef = 6190365B20C54B27005897C0 /* GIGTranslations.framework */; };
		6190366A20C54B27005897C0 /* GIGTranslationsTests.swift in Sources */ = {isa = PBXBuildFile; fileRef = 6190366920C54B27005897C0 /* GIGTranslationsTests.swift */; };
		6190366C20C54B27005897C0 /* GIGTranslations.h in Headers */ = {isa = PBXBuildFile; fileRef = 6190365E20C54B27005897C0 /* GIGTranslations.h */; settings = {ATTRIBUTES = (Public, ); }; };
		61A7ABC420D25FEF00D078A0 /* Translations.swift in Sources */ = {isa = PBXBuildFile; fileRef = 61EAB38720D111D90018AE17 /* Translations.swift */; };
		61B0B8DA20CFCBA200E1BB89 /* LoadingView.swift in Sources */ = {isa = PBXBuildFile; fileRef = 61B0B8D920CFCBA200E1BB89 /* LoadingView.swift */; };
		61B0B8DD20CFDDC500E1BB89 /* TranslationsModel.swift in Sources */ = {isa = PBXBuildFile; fileRef = 61B0B8DC20CFDDC500E1BB89 /* TranslationsModel.swift */; };
		61B0B8DF20D00DA500E1BB89 /* TranslationsController.swift in Sources */ = {isa = PBXBuildFile; fileRef = 61B0B8DE20D00DA500E1BB89 /* TranslationsController.swift */; };
		61B0B8E220D00EB800E1BB89 /* ConfigurationInteractor.swift in Sources */ = {isa = PBXBuildFile; fileRef = 61B0B8E120D00EB800E1BB89 /* ConfigurationInteractor.swift */; };
		61B0B8E420D00EC700E1BB89 /* TranslationsInteractor.swift in Sources */ = {isa = PBXBuildFile; fileRef = 61B0B8E320D00EC700E1BB89 /* TranslationsInteractor.swift */; };
		61B0B8E820D00FDF00E1BB89 /* UserDefaultsManager.swift in Sources */ = {isa = PBXBuildFile; fileRef = 61B0B8E720D00FDF00E1BB89 /* UserDefaultsManager.swift */; };
		61D7C3BF20CE84EF0041CC8C /* AppWireframe.swift in Sources */ = {isa = PBXBuildFile; fileRef = 61D7C3BE20CE84EF0041CC8C /* AppWireframe.swift */; };
		61D7C3C320CE9BC30041CC8C /* ConfigurationSetupWireframe.swift in Sources */ = {isa = PBXBuildFile; fileRef = 61D7C3C220CE9BC30041CC8C /* ConfigurationSetupWireframe.swift */; };
		61D7C3C520CE9BD10041CC8C /* LanguageSetupWireframe.swift in Sources */ = {isa = PBXBuildFile; fileRef = 61D7C3C420CE9BD10041CC8C /* LanguageSetupWireframe.swift */; };
		61D7C3C720CE9CEE0041CC8C /* TranslateWireframe.swift in Sources */ = {isa = PBXBuildFile; fileRef = 61D7C3C620CE9CED0041CC8C /* TranslateWireframe.swift */; };
		61D7C3CB20CEBF6D0041CC8C /* TranslationsInteractor.swift in Sources */ = {isa = PBXBuildFile; fileRef = 61D7C3CA20CEBF6D0041CC8C /* TranslationsInteractor.swift */; };
		61D7C3CC20CEC0690041CC8C /* GIGTranslations.framework in Frameworks */ = {isa = PBXBuildFile; fileRef = 6190365B20C54B27005897C0 /* GIGTranslations.framework */; };
		61D7C3CD20CEC0690041CC8C /* GIGTranslations.framework in Embed Frameworks */ = {isa = PBXBuildFile; fileRef = 6190365B20C54B27005897C0 /* GIGTranslations.framework */; settings = {ATTRIBUTES = (CodeSignOnCopy, RemoveHeadersOnCopy, ); }; };
		61D7C3D320CEC0EA0041CC8C /* TranslationsWrapper.swift in Sources */ = {isa = PBXBuildFile; fileRef = 61D7C3D220CEC0EA0041CC8C /* TranslationsWrapper.swift */; };
		61D7C3D720CED1940041CC8C /* UIButton+RoundedBorder.swift in Sources */ = {isa = PBXBuildFile; fileRef = 61D7C3D620CED1940041CC8C /* UIButton+RoundedBorder.swift */; };
		61EAB38820D111D90018AE17 /* Translations.swift in Sources */ = {isa = PBXBuildFile; fileRef = 61EAB38720D111D90018AE17 /* Translations.swift */; };
		61EAB38A20D17A960018AE17 /* FileSystemManager.swift in Sources */ = {isa = PBXBuildFile; fileRef = 61EAB38920D17A960018AE17 /* FileSystemManager.swift */; };
/* End PBXBuildFile section */

/* Begin PBXContainerItemProxy section */
		615A41B920CA817300542957 /* PBXContainerItemProxy */ = {
			isa = PBXContainerItemProxy;
			containerPortal = 6190365220C54B27005897C0 /* Project object */;
			proxyType = 1;
			remoteGlobalIDString = 615A41A420CA817200542957;
			remoteInfo = GIGTranslationsDemo;
		};
		6190366620C54B27005897C0 /* PBXContainerItemProxy */ = {
			isa = PBXContainerItemProxy;
			containerPortal = 6190365220C54B27005897C0 /* Project object */;
			proxyType = 1;
			remoteGlobalIDString = 6190365A20C54B27005897C0;
			remoteInfo = GIGTranslations;
		};
		61D7C3CE20CEC0690041CC8C /* PBXContainerItemProxy */ = {
			isa = PBXContainerItemProxy;
			containerPortal = 6190365220C54B27005897C0 /* Project object */;
			proxyType = 1;
			remoteGlobalIDString = 6190365A20C54B27005897C0;
			remoteInfo = GIGTranslations;
		};
/* End PBXContainerItemProxy section */

/* Begin PBXCopyFilesBuildPhase section */
		025AD37B20C6D513007E4695 /* CopyFiles */ = {
			isa = PBXCopyFilesBuildPhase;
			buildActionMask = 2147483647;
			dstPath = /usr/share/man/man1/;
			dstSubfolderSpec = 0;
			files = (
			);
			runOnlyForDeploymentPostprocessing = 1;
		};
		61D7C3D020CEC0690041CC8C /* Embed Frameworks */ = {
			isa = PBXCopyFilesBuildPhase;
			buildActionMask = 2147483647;
			dstPath = "";
			dstSubfolderSpec = 10;
			files = (
				61D7C3CD20CEC0690041CC8C /* GIGTranslations.framework in Embed Frameworks */,
			);
			name = "Embed Frameworks";
			runOnlyForDeploymentPostprocessing = 0;
		};
/* End PBXCopyFilesBuildPhase section */

/* Begin PBXFileReference section */
		022E3A9220D0FAB2000ECEDA /* Session.swift */ = {isa = PBXFileReference; lastKnownFileType = sourcecode.swift; path = Session.swift; sourceTree = "<group>"; };
		022E3A9420D13093000ECEDA /* TranslationsDataManager.swift */ = {isa = PBXFileReference; lastKnownFileType = sourcecode.swift; path = TranslationsDataManager.swift; sourceTree = "<group>"; };
		025AD37D20C6D513007E4695 /* translations-sync */ = {isa = PBXFileReference; explicitFileType = "compiled.mach-o.executable"; includeInIndex = 0; path = "translations-sync"; sourceTree = BUILT_PRODUCTS_DIR; };
		025AD37F20C6D513007E4695 /* main.swift */ = {isa = PBXFileReference; lastKnownFileType = sourcecode.swift; path = main.swift; sourceTree = "<group>"; };
		025AD38520C6D537007E4695 /* Log.swift */ = {isa = PBXFileReference; fileEncoding = 4; lastKnownFileType = sourcecode.swift; path = Log.swift; sourceTree = "<group>"; };
		025AD38620C6D537007E4695 /* System.swift */ = {isa = PBXFileReference; fileEncoding = 4; lastKnownFileType = sourcecode.swift; path = System.swift; sourceTree = "<group>"; };
		025AD38720C6D537007E4695 /* Dispatch.swift */ = {isa = PBXFileReference; fileEncoding = 4; lastKnownFileType = sourcecode.swift; path = Dispatch.swift; sourceTree = "<group>"; };
		025AD38920C6D538007E4695 /* Strings.swift */ = {isa = PBXFileReference; fileEncoding = 4; lastKnownFileType = sourcecode.swift; path = Strings.swift; sourceTree = "<group>"; };
		025AD38A20C6D538007E4695 /* ArgumentsValidator.swift */ = {isa = PBXFileReference; fileEncoding = 4; lastKnownFileType = sourcecode.swift; path = ArgumentsValidator.swift; sourceTree = "<group>"; };
		025AD38B20C6D538007E4695 /* Abort.swift */ = {isa = PBXFileReference; fileEncoding = 4; lastKnownFileType = sourcecode.swift; path = Abort.swift; sourceTree = "<group>"; };
		025AD38C20C6D538007E4695 /* ConfigurationFile.swift */ = {isa = PBXFileReference; fileEncoding = 4; lastKnownFileType = sourcecode.swift; path = ConfigurationFile.swift; sourceTree = "<group>"; };
		025AD38D20C6D538007E4695 /* App.swift */ = {isa = PBXFileReference; fileEncoding = 4; lastKnownFileType = sourcecode.swift; path = App.swift; sourceTree = "<group>"; };
		025AD39620C6D93B007E4695 /* Request.swift */ = {isa = PBXFileReference; lastKnownFileType = sourcecode.swift; path = Request.swift; sourceTree = "<group>"; };
		0291D8D420C7D7A000B95143 /* Configuration.swift */ = {isa = PBXFileReference; lastKnownFileType = sourcecode.swift; path = Configuration.swift; sourceTree = "<group>"; };
		0291D8D920C7E08600B95143 /* DownloadManager.swift */ = {isa = PBXFileReference; lastKnownFileType = sourcecode.swift; path = DownloadManager.swift; sourceTree = "<group>"; };
		0291D8DB20C7E37800B95143 /* ConfigurationService+Throw.swift */ = {isa = PBXFileReference; lastKnownFileType = sourcecode.swift; path = "ConfigurationService+Throw.swift"; sourceTree = "<group>"; };
		0291D8DD20C7E3D000B95143 /* TranslationService+Throw.swift */ = {isa = PBXFileReference; lastKnownFileType = sourcecode.swift; path = "TranslationService+Throw.swift"; sourceTree = "<group>"; };
		0291D8DF20C7EECE00B95143 /* NSError+Extension.swift */ = {isa = PBXFileReference; lastKnownFileType = sourcecode.swift; path = "NSError+Extension.swift"; sourceTree = "<group>"; };
		0291D8E220C7F28D00B95143 /* TranslationFile.swift */ = {isa = PBXFileReference; lastKnownFileType = sourcecode.swift; path = TranslationFile.swift; sourceTree = "<group>"; };
		0291D8E620C8249300B95143 /* Date+Extension.swift */ = {isa = PBXFileReference; lastKnownFileType = sourcecode.swift; path = "Date+Extension.swift"; sourceTree = "<group>"; };
		6102941E20C69812002C65E0 /* GIGTranslations.swift */ = {isa = PBXFileReference; lastKnownFileType = sourcecode.swift; path = GIGTranslations.swift; sourceTree = "<group>"; };
		6102942420C698B4002C65E0 /* ConfigurationService.swift */ = {isa = PBXFileReference; lastKnownFileType = sourcecode.swift; path = ConfigurationService.swift; sourceTree = "<group>"; };
		6102942620C698D1002C65E0 /* TranslationsService.swift */ = {isa = PBXFileReference; lastKnownFileType = sourcecode.swift; path = TranslationsService.swift; sourceTree = "<group>"; };
		615A41A520CA817200542957 /* GIGTranslationsDemo.app */ = {isa = PBXFileReference; explicitFileType = wrapper.application; includeInIndex = 0; path = GIGTranslationsDemo.app; sourceTree = BUILT_PRODUCTS_DIR; };
		615A41A720CA817200542957 /* AppDelegate.swift */ = {isa = PBXFileReference; lastKnownFileType = sourcecode.swift; path = AppDelegate.swift; sourceTree = "<group>"; };
		615A41A920CA817200542957 /* MainViewController.swift */ = {isa = PBXFileReference; lastKnownFileType = sourcecode.swift; path = MainViewController.swift; sourceTree = "<group>"; };
		615A41AC20CA817200542957 /* Base */ = {isa = PBXFileReference; lastKnownFileType = file.storyboard; name = Base; path = Base.lproj/Main.storyboard; sourceTree = "<group>"; };
		615A41AE20CA817300542957 /* Assets.xcassets */ = {isa = PBXFileReference; lastKnownFileType = folder.assetcatalog; path = Assets.xcassets; sourceTree = "<group>"; };
		615A41B120CA817300542957 /* Base */ = {isa = PBXFileReference; lastKnownFileType = file.storyboard; name = Base; path = Base.lproj/LaunchScreen.storyboard; sourceTree = "<group>"; };
		615A41B320CA817300542957 /* Info.plist */ = {isa = PBXFileReference; lastKnownFileType = text.plist.xml; path = Info.plist; sourceTree = "<group>"; };
		615A41B820CA817300542957 /* GIGTranslationsDemoTests.xctest */ = {isa = PBXFileReference; explicitFileType = wrapper.cfbundle; includeInIndex = 0; path = GIGTranslationsDemoTests.xctest; sourceTree = BUILT_PRODUCTS_DIR; };
		615A41BC20CA817400542957 /* GIGTranslationsDemoTests.swift */ = {isa = PBXFileReference; lastKnownFileType = sourcecode.swift; path = GIGTranslationsDemoTests.swift; sourceTree = "<group>"; };
		615A41BE20CA817400542957 /* Info.plist */ = {isa = PBXFileReference; lastKnownFileType = text.plist.xml; path = Info.plist; sourceTree = "<group>"; };
		615A41CB20CA8AF900542957 /* MainPresenter.swift */ = {isa = PBXFileReference; lastKnownFileType = sourcecode.swift; path = MainPresenter.swift; sourceTree = "<group>"; };
		615A41CD20CA910400542957 /* MainWireframe.swift */ = {isa = PBXFileReference; lastKnownFileType = sourcecode.swift; path = MainWireframe.swift; sourceTree = "<group>"; };
		615A41D220CAA0F600542957 /* ConfigurationSetupViewController.swift */ = {isa = PBXFileReference; lastKnownFileType = sourcecode.swift; path = ConfigurationSetupViewController.swift; sourceTree = "<group>"; };
		615A41D420CAA10F00542957 /* LanguageSetupViewController.swift */ = {isa = PBXFileReference; lastKnownFileType = sourcecode.swift; path = LanguageSetupViewController.swift; sourceTree = "<group>"; };
		615A41D620CAA11D00542957 /* TranslateViewController.swift */ = {isa = PBXFileReference; lastKnownFileType = sourcecode.swift; path = TranslateViewController.swift; sourceTree = "<group>"; };
		615A41D820CAAC3300542957 /* LanguageTableViewCell.swift */ = {isa = PBXFileReference; lastKnownFileType = sourcecode.swift; path = LanguageTableViewCell.swift; sourceTree = "<group>"; };
		615A41DA20CAAC6200542957 /* TranslateTableViewCell.swift */ = {isa = PBXFileReference; lastKnownFileType = sourcecode.swift; path = TranslateTableViewCell.swift; sourceTree = "<group>"; };
		615A41DC20CAACBB00542957 /* TranslatePresenter.swift */ = {isa = PBXFileReference; lastKnownFileType = sourcecode.swift; path = TranslatePresenter.swift; sourceTree = "<group>"; };
		615A41DE20CAACCD00542957 /* LanguageSetupPresenter.swift */ = {isa = PBXFileReference; lastKnownFileType = sourcecode.swift; path = LanguageSetupPresenter.swift; sourceTree = "<group>"; };
		615A41E020CAACE400542957 /* ConfigurationSetupPresenter.swift */ = {isa = PBXFileReference; lastKnownFileType = sourcecode.swift; path = ConfigurationSetupPresenter.swift; sourceTree = "<group>"; };
		6190365B20C54B27005897C0 /* GIGTranslations.framework */ = {isa = PBXFileReference; explicitFileType = wrapper.framework; includeInIndex = 0; path = GIGTranslations.framework; sourceTree = BUILT_PRODUCTS_DIR; };
		6190365E20C54B27005897C0 /* GIGTranslations.h */ = {isa = PBXFileReference; lastKnownFileType = sourcecode.c.h; path = GIGTranslations.h; sourceTree = "<group>"; };
		6190365F20C54B27005897C0 /* Info.plist */ = {isa = PBXFileReference; lastKnownFileType = text.plist.xml; path = Info.plist; sourceTree = "<group>"; };
		6190366420C54B27005897C0 /* GIGTranslationsTests.xctest */ = {isa = PBXFileReference; explicitFileType = wrapper.cfbundle; includeInIndex = 0; path = GIGTranslationsTests.xctest; sourceTree = BUILT_PRODUCTS_DIR; };
		6190366920C54B27005897C0 /* GIGTranslationsTests.swift */ = {isa = PBXFileReference; lastKnownFileType = sourcecode.swift; path = GIGTranslationsTests.swift; sourceTree = "<group>"; };
		6190366B20C54B27005897C0 /* Info.plist */ = {isa = PBXFileReference; lastKnownFileType = text.plist.xml; path = Info.plist; sourceTree = "<group>"; };
		61B0B8D920CFCBA200E1BB89 /* LoadingView.swift */ = {isa = PBXFileReference; lastKnownFileType = sourcecode.swift; path = LoadingView.swift; sourceTree = "<group>"; };
		61B0B8DC20CFDDC500E1BB89 /* TranslationsModel.swift */ = {isa = PBXFileReference; lastKnownFileType = sourcecode.swift; path = TranslationsModel.swift; sourceTree = "<group>"; };
		61B0B8DE20D00DA500E1BB89 /* TranslationsController.swift */ = {isa = PBXFileReference; lastKnownFileType = sourcecode.swift; path = TranslationsController.swift; sourceTree = "<group>"; };
		61B0B8E120D00EB800E1BB89 /* ConfigurationInteractor.swift */ = {isa = PBXFileReference; lastKnownFileType = sourcecode.swift; path = ConfigurationInteractor.swift; sourceTree = "<group>"; };
		61B0B8E320D00EC700E1BB89 /* TranslationsInteractor.swift */ = {isa = PBXFileReference; lastKnownFileType = sourcecode.swift; path = TranslationsInteractor.swift; sourceTree = "<group>"; };
		61B0B8E720D00FDF00E1BB89 /* UserDefaultsManager.swift */ = {isa = PBXFileReference; lastKnownFileType = sourcecode.swift; path = UserDefaultsManager.swift; sourceTree = "<group>"; };
		61D7C3BE20CE84EF0041CC8C /* AppWireframe.swift */ = {isa = PBXFileReference; lastKnownFileType = sourcecode.swift; path = AppWireframe.swift; sourceTree = "<group>"; };
		61D7C3C220CE9BC30041CC8C /* ConfigurationSetupWireframe.swift */ = {isa = PBXFileReference; lastKnownFileType = sourcecode.swift; path = ConfigurationSetupWireframe.swift; sourceTree = "<group>"; };
		61D7C3C420CE9BD10041CC8C /* LanguageSetupWireframe.swift */ = {isa = PBXFileReference; lastKnownFileType = sourcecode.swift; path = LanguageSetupWireframe.swift; sourceTree = "<group>"; };
		61D7C3C620CE9CED0041CC8C /* TranslateWireframe.swift */ = {isa = PBXFileReference; lastKnownFileType = sourcecode.swift; path = TranslateWireframe.swift; sourceTree = "<group>"; };
		61D7C3CA20CEBF6D0041CC8C /* TranslationsInteractor.swift */ = {isa = PBXFileReference; lastKnownFileType = sourcecode.swift; path = TranslationsInteractor.swift; sourceTree = "<group>"; };
		61D7C3D220CEC0EA0041CC8C /* TranslationsWrapper.swift */ = {isa = PBXFileReference; lastKnownFileType = sourcecode.swift; path = TranslationsWrapper.swift; sourceTree = "<group>"; };
		61D7C3D620CED1940041CC8C /* UIButton+RoundedBorder.swift */ = {isa = PBXFileReference; lastKnownFileType = sourcecode.swift; path = "UIButton+RoundedBorder.swift"; sourceTree = "<group>"; };
		61EAB38720D111D90018AE17 /* Translations.swift */ = {isa = PBXFileReference; lastKnownFileType = sourcecode.swift; path = Translations.swift; sourceTree = "<group>"; };
		61EAB38920D17A960018AE17 /* FileSystemManager.swift */ = {isa = PBXFileReference; lastKnownFileType = sourcecode.swift; path = FileSystemManager.swift; sourceTree = "<group>"; };
/* End PBXFileReference section */

/* Begin PBXFrameworksBuildPhase section */
		025AD37A20C6D513007E4695 /* Frameworks */ = {
			isa = PBXFrameworksBuildPhase;
			buildActionMask = 2147483647;
			files = (
			);
			runOnlyForDeploymentPostprocessing = 0;
		};
		615A41A220CA817200542957 /* Frameworks */ = {
			isa = PBXFrameworksBuildPhase;
			buildActionMask = 2147483647;
			files = (
				61D7C3CC20CEC0690041CC8C /* GIGTranslations.framework in Frameworks */,
			);
			runOnlyForDeploymentPostprocessing = 0;
		};
		615A41B520CA817300542957 /* Frameworks */ = {
			isa = PBXFrameworksBuildPhase;
			buildActionMask = 2147483647;
			files = (
			);
			runOnlyForDeploymentPostprocessing = 0;
		};
		6190365720C54B27005897C0 /* Frameworks */ = {
			isa = PBXFrameworksBuildPhase;
			buildActionMask = 2147483647;
			files = (
			);
			runOnlyForDeploymentPostprocessing = 0;
		};
		6190366120C54B27005897C0 /* Frameworks */ = {
			isa = PBXFrameworksBuildPhase;
			buildActionMask = 2147483647;
			files = (
				6190366520C54B27005897C0 /* GIGTranslations.framework in Frameworks */,
			);
			runOnlyForDeploymentPostprocessing = 0;
		};
/* End PBXFrameworksBuildPhase section */

/* Begin PBXGroup section */
		025AD37E20C6D513007E4695 /* translations-sync */ = {
			isa = PBXGroup;
			children = (
				025AD38820C6D538007E4695 /* app */,
				025AD38420C6D537007E4695 /* helpers */,
				025AD37F20C6D513007E4695 /* main.swift */,
			);
			path = "translations-sync";
			sourceTree = "<group>";
		};
		025AD38420C6D537007E4695 /* helpers */ = {
			isa = PBXGroup;
			children = (
				025AD38520C6D537007E4695 /* Log.swift */,
				025AD38620C6D537007E4695 /* System.swift */,
				025AD38720C6D537007E4695 /* Dispatch.swift */,
			);
			path = helpers;
			sourceTree = "<group>";
		};
		025AD38820C6D538007E4695 /* app */ = {
			isa = PBXGroup;
			children = (
				025AD38920C6D538007E4695 /* Strings.swift */,
				025AD38A20C6D538007E4695 /* ArgumentsValidator.swift */,
				025AD38B20C6D538007E4695 /* Abort.swift */,
				025AD38C20C6D538007E4695 /* ConfigurationFile.swift */,
				0291D8E220C7F28D00B95143 /* TranslationFile.swift */,
				025AD38D20C6D538007E4695 /* App.swift */,
				0291D8D920C7E08600B95143 /* DownloadManager.swift */,
				0291D8DB20C7E37800B95143 /* ConfigurationService+Throw.swift */,
				0291D8DD20C7E3D000B95143 /* TranslationService+Throw.swift */,
			);
			path = app;
			sourceTree = "<group>";
		};
		0291D8D320C7D5C000B95143 /* Model */ = {
			isa = PBXGroup;
			children = (
				022E3A9220D0FAB2000ECEDA /* Session.swift */,
				0291D8D420C7D7A000B95143 /* Configuration.swift */,
				61EAB38720D111D90018AE17 /* Translations.swift */,
			);
			path = Model;
			sourceTree = "<group>";
		};
		6102941D20C697E0002C65E0 /* Supporting Files */ = {
			isa = PBXGroup;
			children = (
				6190365F20C54B27005897C0 /* Info.plist */,
				6190365E20C54B27005897C0 /* GIGTranslations.h */,
			);
			path = "Supporting Files";
			sourceTree = "<group>";
		};
		6102942020C69854002C65E0 /* Common */ = {
			isa = PBXGroup;
			children = (
				0291D8D320C7D5C000B95143 /* Model */,
				6102942220C69893002C65E0 /* Data */,
				61B0B8E020D00E7C00E1BB89 /* Interactors */,
			);
			path = Common;
			sourceTree = "<group>";
		};
		6102942220C69893002C65E0 /* Data */ = {
			isa = PBXGroup;
			children = (
				61B0B8E620D00FBC00E1BB89 /* User Defaults */,
				6102942820C69AAF002C65E0 /* File System */,
				6102942320C6989C002C65E0 /* Network */,
				022E3A9420D13093000ECEDA /* TranslationsDataManager.swift */,
			);
			path = Data;
			sourceTree = "<group>";
		};
		6102942320C6989C002C65E0 /* Network */ = {
			isa = PBXGroup;
			children = (
				6102942420C698B4002C65E0 /* ConfigurationService.swift */,
				6102942620C698D1002C65E0 /* TranslationsService.swift */,
				025AD39620C6D93B007E4695 /* Request.swift */,
			);
			path = Network;
			sourceTree = "<group>";
		};
		6102942820C69AAF002C65E0 /* File System */ = {
			isa = PBXGroup;
			children = (
				61EAB38920D17A960018AE17 /* FileSystemManager.swift */,
			);
			path = "File System";
			sourceTree = "<group>";
		};
		615A41A620CA817200542957 /* GIGTranslationsDemo */ = {
			isa = PBXGroup;
			children = (
				61B0B8DB20CFDDB500E1BB89 /* Model */,
				61D7C3C820CEBECC0041CC8C /* Common */,
				615A41C520CA820900542957 /* Sections */,
				61D7C3D520CED17A0041CC8C /* Support */,
				615A41A720CA817200542957 /* AppDelegate.swift */,
				61D7C3BE20CE84EF0041CC8C /* AppWireframe.swift */,
				61D7C3D420CECABC0041CC8C /* Resources */,
			);
			path = GIGTranslationsDemo;
			sourceTree = "<group>";
		};
		615A41BB20CA817400542957 /* GIGTranslationsDemoTests */ = {
			isa = PBXGroup;
			children = (
				615A41BC20CA817400542957 /* GIGTranslationsDemoTests.swift */,
				615A41BE20CA817400542957 /* Info.plist */,
			);
			path = GIGTranslationsDemoTests;
			sourceTree = "<group>";
		};
		615A41C520CA820900542957 /* Sections */ = {
			isa = PBXGroup;
			children = (
				615A41C620CA821000542957 /* Main */,
			);
			path = Sections;
			sourceTree = "<group>";
		};
		615A41C620CA821000542957 /* Main */ = {
			isa = PBXGroup;
			children = (
				615A41CD20CA910400542957 /* MainWireframe.swift */,
				615A41CB20CA8AF900542957 /* MainPresenter.swift */,
				615A41A920CA817200542957 /* MainViewController.swift */,
				615A41AB20CA817200542957 /* Main.storyboard */,
				615A41CF20CAA09000542957 /* Configuration Setup */,
				615A41D020CAA09F00542957 /* Language Setup */,
				615A41D120CAA0BB00542957 /* Translate */,
			);
			path = Main;
			sourceTree = "<group>";
		};
		615A41CF20CAA09000542957 /* Configuration Setup */ = {
			isa = PBXGroup;
			children = (
				61D7C3C220CE9BC30041CC8C /* ConfigurationSetupWireframe.swift */,
				615A41E020CAACE400542957 /* ConfigurationSetupPresenter.swift */,
				615A41D220CAA0F600542957 /* ConfigurationSetupViewController.swift */,
			);
			path = "Configuration Setup";
			sourceTree = "<group>";
		};
		615A41D020CAA09F00542957 /* Language Setup */ = {
			isa = PBXGroup;
			children = (
				61D7C3C420CE9BD10041CC8C /* LanguageSetupWireframe.swift */,
				615A41DE20CAACCD00542957 /* LanguageSetupPresenter.swift */,
				615A41D420CAA10F00542957 /* LanguageSetupViewController.swift */,
				615A41D820CAAC3300542957 /* LanguageTableViewCell.swift */,
			);
			path = "Language Setup";
			sourceTree = "<group>";
		};
		615A41D120CAA0BB00542957 /* Translate */ = {
			isa = PBXGroup;
			children = (
				61D7C3C620CE9CED0041CC8C /* TranslateWireframe.swift */,
				615A41DC20CAACBB00542957 /* TranslatePresenter.swift */,
				615A41D620CAA11D00542957 /* TranslateViewController.swift */,
				615A41DA20CAAC6200542957 /* TranslateTableViewCell.swift */,
			);
			path = Translate;
			sourceTree = "<group>";
		};
		6190365120C54B27005897C0 = {
			isa = PBXGroup;
			children = (
				6190365D20C54B27005897C0 /* GIGTranslations */,
				6190366820C54B27005897C0 /* GIGTranslationsTests */,
				025AD37E20C6D513007E4695 /* translations-sync */,
				615A41A620CA817200542957 /* GIGTranslationsDemo */,
				615A41BB20CA817400542957 /* GIGTranslationsDemoTests */,
				6190365C20C54B27005897C0 /* Products */,
			);
			sourceTree = "<group>";
		};
		6190365C20C54B27005897C0 /* Products */ = {
			isa = PBXGroup;
			children = (
				6190365B20C54B27005897C0 /* GIGTranslations.framework */,
				6190366420C54B27005897C0 /* GIGTranslationsTests.xctest */,
				025AD37D20C6D513007E4695 /* translations-sync */,
				615A41A520CA817200542957 /* GIGTranslationsDemo.app */,
				615A41B820CA817300542957 /* GIGTranslationsDemoTests.xctest */,
			);
			name = Products;
			sourceTree = "<group>";
		};
		6190365D20C54B27005897C0 /* GIGTranslations */ = {
			isa = PBXGroup;
			children = (
				6102941E20C69812002C65E0 /* GIGTranslations.swift */,
				61B0B8DE20D00DA500E1BB89 /* TranslationsController.swift */,
				6102942020C69854002C65E0 /* Common */,
				61B0B8E520D00F2100E1BB89 /* Support */,
				6102941D20C697E0002C65E0 /* Supporting Files */,
			);
			path = GIGTranslations;
			sourceTree = "<group>";
		};
		6190366820C54B27005897C0 /* GIGTranslationsTests */ = {
			isa = PBXGroup;
			children = (
				6190366920C54B27005897C0 /* GIGTranslationsTests.swift */,
				6190366B20C54B27005897C0 /* Info.plist */,
			);
			path = GIGTranslationsTests;
			sourceTree = "<group>";
		};
		61B0B8DB20CFDDB500E1BB89 /* Model */ = {
			isa = PBXGroup;
			children = (
				61B0B8DC20CFDDC500E1BB89 /* TranslationsModel.swift */,
			);
			path = Model;
			sourceTree = "<group>";
		};
		61B0B8E020D00E7C00E1BB89 /* Interactors */ = {
			isa = PBXGroup;
			children = (
				61B0B8E120D00EB800E1BB89 /* ConfigurationInteractor.swift */,
				61B0B8E320D00EC700E1BB89 /* TranslationsInteractor.swift */,
			);
			path = Interactors;
			sourceTree = "<group>";
		};
		61B0B8E520D00F2100E1BB89 /* Support */ = {
			isa = PBXGroup;
			children = (
				0291D8DF20C7EECE00B95143 /* NSError+Extension.swift */,
				0291D8E620C8249300B95143 /* Date+Extension.swift */,
			);
			path = Support;
			sourceTree = "<group>";
		};
		61B0B8E620D00FBC00E1BB89 /* User Defaults */ = {
			isa = PBXGroup;
			children = (
				61B0B8E720D00FDF00E1BB89 /* UserDefaultsManager.swift */,
			);
			path = "User Defaults";
			sourceTree = "<group>";
		};
		61B0B8E920D013B500E1BB89 /* Translations */ = {
			isa = PBXGroup;
			children = (
			);
			path = Translations;
			sourceTree = "<group>";
		};
		61D7C3C820CEBECC0041CC8C /* Common */ = {
			isa = PBXGroup;
			children = (
				61D7C3D120CEC0D70041CC8C /* Wrappers */,
				61D7C3C920CEBEE40041CC8C /* Interactors */,
			);
			path = Common;
			sourceTree = "<group>";
		};
		61D7C3C920CEBEE40041CC8C /* Interactors */ = {
			isa = PBXGroup;
			children = (
				61D7C3CA20CEBF6D0041CC8C /* TranslationsInteractor.swift */,
			);
			path = Interactors;
			sourceTree = "<group>";
		};
		61D7C3D120CEC0D70041CC8C /* Wrappers */ = {
			isa = PBXGroup;
			children = (
				61D7C3D220CEC0EA0041CC8C /* TranslationsWrapper.swift */,
			);
			path = Wrappers;
			sourceTree = "<group>";
		};
		61D7C3D420CECABC0041CC8C /* Resources */ = {
			isa = PBXGroup;
			children = (
				61B0B8E920D013B500E1BB89 /* Translations */,
				615A41AE20CA817300542957 /* Assets.xcassets */,
				615A41B020CA817300542957 /* LaunchScreen.storyboard */,
				615A41B320CA817300542957 /* Info.plist */,
			);
			path = Resources;
			sourceTree = "<group>";
		};
		61D7C3D520CED17A0041CC8C /* Support */ = {
			isa = PBXGroup;
			children = (
				61D7C3D620CED1940041CC8C /* UIButton+RoundedBorder.swift */,
				61B0B8D920CFCBA200E1BB89 /* LoadingView.swift */,
			);
			path = Support;
			sourceTree = "<group>";
		};
/* End PBXGroup section */

/* Begin PBXHeadersBuildPhase section */
		6190365820C54B27005897C0 /* Headers */ = {
			isa = PBXHeadersBuildPhase;
			buildActionMask = 2147483647;
			files = (
				6190366C20C54B27005897C0 /* GIGTranslations.h in Headers */,
			);
			runOnlyForDeploymentPostprocessing = 0;
		};
/* End PBXHeadersBuildPhase section */

/* Begin PBXNativeTarget section */
		025AD37C20C6D513007E4695 /* translations-sync */ = {
			isa = PBXNativeTarget;
			buildConfigurationList = 025AD38320C6D513007E4695 /* Build configuration list for PBXNativeTarget "translations-sync" */;
			buildPhases = (
				025AD37920C6D513007E4695 /* Sources */,
				025AD37A20C6D513007E4695 /* Frameworks */,
				025AD37B20C6D513007E4695 /* CopyFiles */,
			);
			buildRules = (
			);
			dependencies = (
			);
			name = "translations-sync";
			productName = "translations-sync";
			productReference = 025AD37D20C6D513007E4695 /* translations-sync */;
			productType = "com.apple.product-type.tool";
		};
		615A41A420CA817200542957 /* GIGTranslationsDemo */ = {
			isa = PBXNativeTarget;
			buildConfigurationList = 615A41C320CA817400542957 /* Build configuration list for PBXNativeTarget "GIGTranslationsDemo" */;
			buildPhases = (
				615A41A120CA817200542957 /* Sources */,
				615A41A220CA817200542957 /* Frameworks */,
				615A41A320CA817200542957 /* Resources */,
				61D7C3D020CEC0690041CC8C /* Embed Frameworks */,
			);
			buildRules = (
			);
			dependencies = (
				61D7C3CF20CEC0690041CC8C /* PBXTargetDependency */,
			);
			name = GIGTranslationsDemo;
			productName = GIGTranslationsDemo;
			productReference = 615A41A520CA817200542957 /* GIGTranslationsDemo.app */;
			productType = "com.apple.product-type.application";
		};
		615A41B720CA817300542957 /* GIGTranslationsDemoTests */ = {
			isa = PBXNativeTarget;
			buildConfigurationList = 615A41C420CA817400542957 /* Build configuration list for PBXNativeTarget "GIGTranslationsDemoTests" */;
			buildPhases = (
				615A41B420CA817300542957 /* Sources */,
				615A41B520CA817300542957 /* Frameworks */,
				615A41B620CA817300542957 /* Resources */,
			);
			buildRules = (
			);
			dependencies = (
				615A41BA20CA817300542957 /* PBXTargetDependency */,
			);
			name = GIGTranslationsDemoTests;
			productName = GIGTranslationsDemoTests;
			productReference = 615A41B820CA817300542957 /* GIGTranslationsDemoTests.xctest */;
			productType = "com.apple.product-type.bundle.unit-test";
		};
		6190365A20C54B27005897C0 /* GIGTranslations */ = {
			isa = PBXNativeTarget;
			buildConfigurationList = 6190366F20C54B27005897C0 /* Build configuration list for PBXNativeTarget "GIGTranslations" */;
			buildPhases = (
				6190365620C54B27005897C0 /* Sources */,
				6190365720C54B27005897C0 /* Frameworks */,
				6190365820C54B27005897C0 /* Headers */,
				6190365920C54B27005897C0 /* Resources */,
				61B0B8F220D016DB00E1BB89 /* ShellScript */,
			);
			buildRules = (
			);
			dependencies = (
			);
			name = GIGTranslations;
			productName = GIGTranslations;
			productReference = 6190365B20C54B27005897C0 /* GIGTranslations.framework */;
			productType = "com.apple.product-type.framework";
		};
		6190366320C54B27005897C0 /* GIGTranslationsTests */ = {
			isa = PBXNativeTarget;
			buildConfigurationList = 6190367220C54B27005897C0 /* Build configuration list for PBXNativeTarget "GIGTranslationsTests" */;
			buildPhases = (
				6190366020C54B27005897C0 /* Sources */,
				6190366120C54B27005897C0 /* Frameworks */,
				6190366220C54B27005897C0 /* Resources */,
			);
			buildRules = (
			);
			dependencies = (
				6190366720C54B27005897C0 /* PBXTargetDependency */,
			);
			name = GIGTranslationsTests;
			productName = GIGTranslationsTests;
			productReference = 6190366420C54B27005897C0 /* GIGTranslationsTests.xctest */;
			productType = "com.apple.product-type.bundle.unit-test";
		};
/* End PBXNativeTarget section */

/* Begin PBXProject section */
		6190365220C54B27005897C0 /* Project object */ = {
			isa = PBXProject;
			attributes = {
				LastSwiftUpdateCheck = 0930;
				LastUpgradeCheck = 0930;
				ORGANIZATIONNAME = Gigigo;
				TargetAttributes = {
					025AD37C20C6D513007E4695 = {
						CreatedOnToolsVersion = 9.3.1;
					};
					615A41A420CA817200542957 = {
						CreatedOnToolsVersion = 9.3;
					};
					615A41B720CA817300542957 = {
						CreatedOnToolsVersion = 9.3;
						TestTargetID = 615A41A420CA817200542957;
					};
					6190365A20C54B27005897C0 = {
						CreatedOnToolsVersion = 9.3;
						LastSwiftMigration = 0930;
					};
					6190366320C54B27005897C0 = {
						CreatedOnToolsVersion = 9.3;
					};
				};
			};
			buildConfigurationList = 6190365520C54B27005897C0 /* Build configuration list for PBXProject "GIGTranslations" */;
			compatibilityVersion = "Xcode 9.3";
			developmentRegion = en;
			hasScannedForEncodings = 0;
			knownRegions = (
				en,
				Base,
			);
			mainGroup = 6190365120C54B27005897C0;
			productRefGroup = 6190365C20C54B27005897C0 /* Products */;
			projectDirPath = "";
			projectRoot = "";
			targets = (
				6190365A20C54B27005897C0 /* GIGTranslations */,
				6190366320C54B27005897C0 /* GIGTranslationsTests */,
				025AD37C20C6D513007E4695 /* translations-sync */,
				615A41A420CA817200542957 /* GIGTranslationsDemo */,
				615A41B720CA817300542957 /* GIGTranslationsDemoTests */,
			);
		};
/* End PBXProject section */

/* Begin PBXResourcesBuildPhase section */
		615A41A320CA817200542957 /* Resources */ = {
			isa = PBXResourcesBuildPhase;
			buildActionMask = 2147483647;
			files = (
				615A41B220CA817300542957 /* LaunchScreen.storyboard in Resources */,
				615A41AF20CA817300542957 /* Assets.xcassets in Resources */,
				615A41AD20CA817200542957 /* Main.storyboard in Resources */,
			);
			runOnlyForDeploymentPostprocessing = 0;
		};
		615A41B620CA817300542957 /* Resources */ = {
			isa = PBXResourcesBuildPhase;
			buildActionMask = 2147483647;
			files = (
			);
			runOnlyForDeploymentPostprocessing = 0;
		};
		6190365920C54B27005897C0 /* Resources */ = {
			isa = PBXResourcesBuildPhase;
			buildActionMask = 2147483647;
			files = (
			);
			runOnlyForDeploymentPostprocessing = 0;
		};
		6190366220C54B27005897C0 /* Resources */ = {
			isa = PBXResourcesBuildPhase;
			buildActionMask = 2147483647;
			files = (
			);
			runOnlyForDeploymentPostprocessing = 0;
		};
/* End PBXResourcesBuildPhase section */

/* Begin PBXShellScriptBuildPhase section */
		61B0B8F220D016DB00E1BB89 /* ShellScript */ = {
			isa = PBXShellScriptBuildPhase;
			buildActionMask = 2147483647;
			files = (
			);
			inputPaths = (
			);
			outputPaths = (
			);
			runOnlyForDeploymentPostprocessing = 0;
			shellPath = /bin/sh;
			shellScript = "if which swiftlint >/dev/null; then\nswiftlint\nelse\necho \"warning: SwiftLint not installed, download from https://github.com/realm/SwiftLint\"\nfi";
		};
/* End PBXShellScriptBuildPhase section */

/* Begin PBXSourcesBuildPhase section */
		025AD37920C6D513007E4695 /* Sources */ = {
			isa = PBXSourcesBuildPhase;
			buildActionMask = 2147483647;
			files = (
				025AD39520C6D538007E4695 /* App.swift in Sources */,
				025AD39320C6D538007E4695 /* Abort.swift in Sources */,
				0291D8DC20C7E37800B95143 /* ConfigurationService+Throw.swift in Sources */,
				025AD39420C6D538007E4695 /* ConfigurationFile.swift in Sources */,
				0291D8D620C7DEB300B95143 /* ConfigurationService.swift in Sources */,
				025AD38E20C6D538007E4695 /* Log.swift in Sources */,
				025AD39020C6D538007E4695 /* Dispatch.swift in Sources */,
				0291D8D720C7DEE500B95143 /* Configuration.swift in Sources */,
				025AD39120C6D538007E4695 /* Strings.swift in Sources */,
				0291D8DE20C7E3D000B95143 /* TranslationService+Throw.swift in Sources */,
				025AD38F20C6D538007E4695 /* System.swift in Sources */,
				61A7ABC420D25FEF00D078A0 /* Translations.swift in Sources */,
				025AD39820C6D940007E4695 /* Request.swift in Sources */,
				025AD38020C6D513007E4695 /* main.swift in Sources */,
				0291D8E320C7F28D00B95143 /* TranslationFile.swift in Sources */,
				025AD39220C6D538007E4695 /* ArgumentsValidator.swift in Sources */,
				0291D8D820C7DFFC00B95143 /* TranslationsService.swift in Sources */,
				0291D8DA20C7E08600B95143 /* DownloadManager.swift in Sources */,
				0291D8E820C8249600B95143 /* Date+Extension.swift in Sources */,
				0291D8E120C7EEFC00B95143 /* NSError+Extension.swift in Sources */,
			);
			runOnlyForDeploymentPostprocessing = 0;
		};
		615A41A120CA817200542957 /* Sources */ = {
			isa = PBXSourcesBuildPhase;
			buildActionMask = 2147483647;
			files = (
				615A41DF20CAACCD00542957 /* LanguageSetupPresenter.swift in Sources */,
				61D7C3C720CE9CEE0041CC8C /* TranslateWireframe.swift in Sources */,
				61D7C3D720CED1940041CC8C /* UIButton+RoundedBorder.swift in Sources */,
				61D7C3CB20CEBF6D0041CC8C /* TranslationsInteractor.swift in Sources */,
				615A41CE20CA910400542957 /* MainWireframe.swift in Sources */,
				61B0B8DD20CFDDC500E1BB89 /* TranslationsModel.swift in Sources */,
				61B0B8DA20CFCBA200E1BB89 /* LoadingView.swift in Sources */,
				615A41E120CAACE400542957 /* ConfigurationSetupPresenter.swift in Sources */,
				615A41AA20CA817200542957 /* MainViewController.swift in Sources */,
				61D7C3BF20CE84EF0041CC8C /* AppWireframe.swift in Sources */,
				615A41A820CA817200542957 /* AppDelegate.swift in Sources */,
				615A41D920CAAC3300542957 /* LanguageTableViewCell.swift in Sources */,
				615A41D320CAA0F600542957 /* ConfigurationSetupViewController.swift in Sources */,
				615A41DB20CAAC6200542957 /* TranslateTableViewCell.swift in Sources */,
				615A41D720CAA11D00542957 /* TranslateViewController.swift in Sources */,
				615A41D520CAA10F00542957 /* LanguageSetupViewController.swift in Sources */,
				61D7C3D320CEC0EA0041CC8C /* TranslationsWrapper.swift in Sources */,
				615A41CC20CA8AF900542957 /* MainPresenter.swift in Sources */,
				615A41DD20CAACBB00542957 /* TranslatePresenter.swift in Sources */,
				61D7C3C520CE9BD10041CC8C /* LanguageSetupWireframe.swift in Sources */,
				61D7C3C320CE9BC30041CC8C /* ConfigurationSetupWireframe.swift in Sources */,
			);
			runOnlyForDeploymentPostprocessing = 0;
		};
		615A41B420CA817300542957 /* Sources */ = {
			isa = PBXSourcesBuildPhase;
			buildActionMask = 2147483647;
			files = (
				615A41BD20CA817400542957 /* GIGTranslationsDemoTests.swift in Sources */,
			);
			runOnlyForDeploymentPostprocessing = 0;
		};
		6190365620C54B27005897C0 /* Sources */ = {
			isa = PBXSourcesBuildPhase;
			buildActionMask = 2147483647;
			files = (
				61B0B8E420D00EC700E1BB89 /* TranslationsInteractor.swift in Sources */,
				6102942520C698B4002C65E0 /* ConfigurationService.swift in Sources */,
				0291D8D520C7D7A000B95143 /* Configuration.swift in Sources */,
				025AD39720C6D93B007E4695 /* Request.swift in Sources */,
				61B0B8E820D00FDF00E1BB89 /* UserDefaultsManager.swift in Sources */,
				61EAB38A20D17A960018AE17 /* FileSystemManager.swift in Sources */,
				022E3A9520D13093000ECEDA /* TranslationsDataManager.swift in Sources */,
				6102941F20C69812002C65E0 /* GIGTranslations.swift in Sources */,
				0291D8E720C8249300B95143 /* Date+Extension.swift in Sources */,
				61EAB38820D111D90018AE17 /* Translations.swift in Sources */,
				6102942720C698D1002C65E0 /* TranslationsService.swift in Sources */,
				022E3A9320D0FAB2000ECEDA /* Session.swift in Sources */,
				0291D8E020C7EECE00B95143 /* NSError+Extension.swift in Sources */,
				61B0B8DF20D00DA500E1BB89 /* TranslationsController.swift in Sources */,
				61B0B8E220D00EB800E1BB89 /* ConfigurationInteractor.swift in Sources */,
			);
			runOnlyForDeploymentPostprocessing = 0;
		};
		6190366020C54B27005897C0 /* Sources */ = {
			isa = PBXSourcesBuildPhase;
			buildActionMask = 2147483647;
			files = (
				6190366A20C54B27005897C0 /* GIGTranslationsTests.swift in Sources */,
			);
			runOnlyForDeploymentPostprocessing = 0;
		};
/* End PBXSourcesBuildPhase section */

/* Begin PBXTargetDependency section */
		615A41BA20CA817300542957 /* PBXTargetDependency */ = {
			isa = PBXTargetDependency;
			target = 615A41A420CA817200542957 /* GIGTranslationsDemo */;
			targetProxy = 615A41B920CA817300542957 /* PBXContainerItemProxy */;
		};
		6190366720C54B27005897C0 /* PBXTargetDependency */ = {
			isa = PBXTargetDependency;
			target = 6190365A20C54B27005897C0 /* GIGTranslations */;
			targetProxy = 6190366620C54B27005897C0 /* PBXContainerItemProxy */;
		};
		61D7C3CF20CEC0690041CC8C /* PBXTargetDependency */ = {
			isa = PBXTargetDependency;
			target = 6190365A20C54B27005897C0 /* GIGTranslations */;
			targetProxy = 61D7C3CE20CEC0690041CC8C /* PBXContainerItemProxy */;
		};
/* End PBXTargetDependency section */

/* Begin PBXVariantGroup section */
		615A41AB20CA817200542957 /* Main.storyboard */ = {
			isa = PBXVariantGroup;
			children = (
				615A41AC20CA817200542957 /* Base */,
			);
			name = Main.storyboard;
			sourceTree = "<group>";
		};
		615A41B020CA817300542957 /* LaunchScreen.storyboard */ = {
			isa = PBXVariantGroup;
			children = (
				615A41B120CA817300542957 /* Base */,
			);
			name = LaunchScreen.storyboard;
			sourceTree = "<group>";
		};
/* End PBXVariantGroup section */

/* Begin XCBuildConfiguration section */
		025AD38120C6D513007E4695 /* Debug */ = {
			isa = XCBuildConfiguration;
			buildSettings = {
				CODE_SIGN_IDENTITY = "Mac Developer";
				CODE_SIGN_STYLE = Automatic;
				DEVELOPMENT_TEAM = SU5BA5HAQK;
				MACOSX_DEPLOYMENT_TARGET = 10.13;
				PRODUCT_NAME = "$(TARGET_NAME)";
				SDKROOT = macosx;
				SWIFT_VERSION = 4.0;
			};
			name = Debug;
		};
		025AD38220C6D513007E4695 /* Release */ = {
			isa = XCBuildConfiguration;
			buildSettings = {
				CODE_SIGN_IDENTITY = "Mac Developer";
				CODE_SIGN_STYLE = Automatic;
				DEVELOPMENT_TEAM = SU5BA5HAQK;
				MACOSX_DEPLOYMENT_TARGET = 10.13;
				PRODUCT_NAME = "$(TARGET_NAME)";
				SDKROOT = macosx;
				SWIFT_VERSION = 4.0;
			};
			name = Release;
		};
		615A41BF20CA817400542957 /* Debug */ = {
			isa = XCBuildConfiguration;
			buildSettings = {
				ALWAYS_EMBED_SWIFT_STANDARD_LIBRARIES = YES;
				ASSETCATALOG_COMPILER_APPICON_NAME = AppIcon;
				CODE_SIGN_STYLE = Automatic;
				DEVELOPMENT_TEAM = SU5BA5HAQK;
				INFOPLIST_FILE = "$(SRCROOT)/GIGTranslationsDemo/Resources/Info.plist";
				LD_RUNPATH_SEARCH_PATHS = (
					"$(inherited)",
					"@executable_path/Frameworks",
				);
				PRODUCT_BUNDLE_IDENTIFIER = gigigo.es.GIGTranslationsDemo;
				PRODUCT_NAME = "$(TARGET_NAME)";
				SWIFT_VERSION = 4.0;
				TARGETED_DEVICE_FAMILY = 1;
			};
			name = Debug;
		};
		615A41C020CA817400542957 /* Release */ = {
			isa = XCBuildConfiguration;
			buildSettings = {
				ALWAYS_EMBED_SWIFT_STANDARD_LIBRARIES = YES;
				ASSETCATALOG_COMPILER_APPICON_NAME = AppIcon;
				CODE_SIGN_STYLE = Automatic;
				DEVELOPMENT_TEAM = SU5BA5HAQK;
				INFOPLIST_FILE = "$(SRCROOT)/GIGTranslationsDemo/Resources/Info.plist";
				LD_RUNPATH_SEARCH_PATHS = (
					"$(inherited)",
					"@executable_path/Frameworks",
				);
				PRODUCT_BUNDLE_IDENTIFIER = gigigo.es.GIGTranslationsDemo;
				PRODUCT_NAME = "$(TARGET_NAME)";
				SWIFT_VERSION = 4.0;
				TARGETED_DEVICE_FAMILY = 1;
			};
			name = Release;
		};
		615A41C120CA817400542957 /* Debug */ = {
			isa = XCBuildConfiguration;
			buildSettings = {
				ALWAYS_EMBED_SWIFT_STANDARD_LIBRARIES = YES;
				BUNDLE_LOADER = "$(TEST_HOST)";
				CODE_SIGN_STYLE = Automatic;
				DEVELOPMENT_TEAM = TVRY3QTMW2;
				INFOPLIST_FILE = GIGTranslationsDemoTests/Info.plist;
				LD_RUNPATH_SEARCH_PATHS = (
					"$(inherited)",
					"@executable_path/Frameworks",
					"@loader_path/Frameworks",
				);
				PRODUCT_BUNDLE_IDENTIFIER = gigigo.es.GIGTranslationsDemoTests;
				PRODUCT_NAME = "$(TARGET_NAME)";
				SWIFT_VERSION = 4.0;
				TARGETED_DEVICE_FAMILY = "1,2";
				TEST_HOST = "$(BUILT_PRODUCTS_DIR)/GIGTranslationsDemo.app/GIGTranslationsDemo";
			};
			name = Debug;
		};
		615A41C220CA817400542957 /* Release */ = {
			isa = XCBuildConfiguration;
			buildSettings = {
				ALWAYS_EMBED_SWIFT_STANDARD_LIBRARIES = YES;
				BUNDLE_LOADER = "$(TEST_HOST)";
				CODE_SIGN_STYLE = Automatic;
				DEVELOPMENT_TEAM = TVRY3QTMW2;
				INFOPLIST_FILE = GIGTranslationsDemoTests/Info.plist;
				LD_RUNPATH_SEARCH_PATHS = (
					"$(inherited)",
					"@executable_path/Frameworks",
					"@loader_path/Frameworks",
				);
				PRODUCT_BUNDLE_IDENTIFIER = gigigo.es.GIGTranslationsDemoTests;
				PRODUCT_NAME = "$(TARGET_NAME)";
				SWIFT_VERSION = 4.0;
				TARGETED_DEVICE_FAMILY = "1,2";
				TEST_HOST = "$(BUILT_PRODUCTS_DIR)/GIGTranslationsDemo.app/GIGTranslationsDemo";
			};
			name = Release;
		};
		6190366D20C54B27005897C0 /* Debug */ = {
			isa = XCBuildConfiguration;
			buildSettings = {
				ALWAYS_SEARCH_USER_PATHS = NO;
				CLANG_ANALYZER_NONNULL = YES;
				CLANG_ANALYZER_NUMBER_OBJECT_CONVERSION = YES_AGGRESSIVE;
				CLANG_CXX_LANGUAGE_STANDARD = "gnu++14";
				CLANG_CXX_LIBRARY = "libc++";
				CLANG_ENABLE_MODULES = YES;
				CLANG_ENABLE_OBJC_ARC = YES;
				CLANG_ENABLE_OBJC_WEAK = YES;
				CLANG_WARN_BLOCK_CAPTURE_AUTORELEASING = YES;
				CLANG_WARN_BOOL_CONVERSION = YES;
				CLANG_WARN_COMMA = YES;
				CLANG_WARN_CONSTANT_CONVERSION = YES;
				CLANG_WARN_DEPRECATED_OBJC_IMPLEMENTATIONS = YES;
				CLANG_WARN_DIRECT_OBJC_ISA_USAGE = YES_ERROR;
				CLANG_WARN_DOCUMENTATION_COMMENTS = YES;
				CLANG_WARN_EMPTY_BODY = YES;
				CLANG_WARN_ENUM_CONVERSION = YES;
				CLANG_WARN_INFINITE_RECURSION = YES;
				CLANG_WARN_INT_CONVERSION = YES;
				CLANG_WARN_NON_LITERAL_NULL_CONVERSION = YES;
				CLANG_WARN_OBJC_IMPLICIT_RETAIN_SELF = YES;
				CLANG_WARN_OBJC_LITERAL_CONVERSION = YES;
				CLANG_WARN_OBJC_ROOT_CLASS = YES_ERROR;
				CLANG_WARN_RANGE_LOOP_ANALYSIS = YES;
				CLANG_WARN_STRICT_PROTOTYPES = YES;
				CLANG_WARN_SUSPICIOUS_MOVE = YES;
				CLANG_WARN_UNGUARDED_AVAILABILITY = YES_AGGRESSIVE;
				CLANG_WARN_UNREACHABLE_CODE = YES;
				CLANG_WARN__DUPLICATE_METHOD_MATCH = YES;
				CODE_SIGN_IDENTITY = "iPhone Developer";
				COPY_PHASE_STRIP = NO;
				CURRENT_PROJECT_VERSION = 1;
				DEBUG_INFORMATION_FORMAT = dwarf;
				ENABLE_STRICT_OBJC_MSGSEND = YES;
				ENABLE_TESTABILITY = YES;
				GCC_C_LANGUAGE_STANDARD = gnu11;
				GCC_DYNAMIC_NO_PIC = NO;
				GCC_NO_COMMON_BLOCKS = YES;
				GCC_OPTIMIZATION_LEVEL = 0;
				GCC_PREPROCESSOR_DEFINITIONS = (
					"DEBUG=1",
					"$(inherited)",
				);
				GCC_WARN_64_TO_32_BIT_CONVERSION = YES;
				GCC_WARN_ABOUT_RETURN_TYPE = YES_ERROR;
				GCC_WARN_UNDECLARED_SELECTOR = YES;
				GCC_WARN_UNINITIALIZED_AUTOS = YES_AGGRESSIVE;
				GCC_WARN_UNUSED_FUNCTION = YES;
				GCC_WARN_UNUSED_VARIABLE = YES;
				IPHONEOS_DEPLOYMENT_TARGET = 9.3;
				MTL_ENABLE_DEBUG_INFO = YES;
				ONLY_ACTIVE_ARCH = YES;
				SDKROOT = iphoneos;
				SWIFT_ACTIVE_COMPILATION_CONDITIONS = DEBUG;
				SWIFT_OPTIMIZATION_LEVEL = "-Onone";
				VERSIONING_SYSTEM = "apple-generic";
				VERSION_INFO_PREFIX = "";
			};
			name = Debug;
		};
		6190366E20C54B27005897C0 /* Release */ = {
			isa = XCBuildConfiguration;
			buildSettings = {
				ALWAYS_SEARCH_USER_PATHS = NO;
				CLANG_ANALYZER_NONNULL = YES;
				CLANG_ANALYZER_NUMBER_OBJECT_CONVERSION = YES_AGGRESSIVE;
				CLANG_CXX_LANGUAGE_STANDARD = "gnu++14";
				CLANG_CXX_LIBRARY = "libc++";
				CLANG_ENABLE_MODULES = YES;
				CLANG_ENABLE_OBJC_ARC = YES;
				CLANG_ENABLE_OBJC_WEAK = YES;
				CLANG_WARN_BLOCK_CAPTURE_AUTORELEASING = YES;
				CLANG_WARN_BOOL_CONVERSION = YES;
				CLANG_WARN_COMMA = YES;
				CLANG_WARN_CONSTANT_CONVERSION = YES;
				CLANG_WARN_DEPRECATED_OBJC_IMPLEMENTATIONS = YES;
				CLANG_WARN_DIRECT_OBJC_ISA_USAGE = YES_ERROR;
				CLANG_WARN_DOCUMENTATION_COMMENTS = YES;
				CLANG_WARN_EMPTY_BODY = YES;
				CLANG_WARN_ENUM_CONVERSION = YES;
				CLANG_WARN_INFINITE_RECURSION = YES;
				CLANG_WARN_INT_CONVERSION = YES;
				CLANG_WARN_NON_LITERAL_NULL_CONVERSION = YES;
				CLANG_WARN_OBJC_IMPLICIT_RETAIN_SELF = YES;
				CLANG_WARN_OBJC_LITERAL_CONVERSION = YES;
				CLANG_WARN_OBJC_ROOT_CLASS = YES_ERROR;
				CLANG_WARN_RANGE_LOOP_ANALYSIS = YES;
				CLANG_WARN_STRICT_PROTOTYPES = YES;
				CLANG_WARN_SUSPICIOUS_MOVE = YES;
				CLANG_WARN_UNGUARDED_AVAILABILITY = YES_AGGRESSIVE;
				CLANG_WARN_UNREACHABLE_CODE = YES;
				CLANG_WARN__DUPLICATE_METHOD_MATCH = YES;
				CODE_SIGN_IDENTITY = "iPhone Developer";
				COPY_PHASE_STRIP = NO;
				CURRENT_PROJECT_VERSION = 1;
				DEBUG_INFORMATION_FORMAT = "dwarf-with-dsym";
				ENABLE_NS_ASSERTIONS = NO;
				ENABLE_STRICT_OBJC_MSGSEND = YES;
				GCC_C_LANGUAGE_STANDARD = gnu11;
				GCC_NO_COMMON_BLOCKS = YES;
				GCC_WARN_64_TO_32_BIT_CONVERSION = YES;
				GCC_WARN_ABOUT_RETURN_TYPE = YES_ERROR;
				GCC_WARN_UNDECLARED_SELECTOR = YES;
				GCC_WARN_UNINITIALIZED_AUTOS = YES_AGGRESSIVE;
				GCC_WARN_UNUSED_FUNCTION = YES;
				GCC_WARN_UNUSED_VARIABLE = YES;
				IPHONEOS_DEPLOYMENT_TARGET = 9.3;
				MTL_ENABLE_DEBUG_INFO = NO;
				SDKROOT = iphoneos;
				SWIFT_COMPILATION_MODE = wholemodule;
				SWIFT_OPTIMIZATION_LEVEL = "-O";
				VALIDATE_PRODUCT = YES;
				VERSIONING_SYSTEM = "apple-generic";
				VERSION_INFO_PREFIX = "";
			};
			name = Release;
		};
		6190367020C54B27005897C0 /* Debug */ = {
			isa = XCBuildConfiguration;
			buildSettings = {
				CLANG_ENABLE_MODULES = YES;
				CODE_SIGN_IDENTITY = "";
				CODE_SIGN_STYLE = Automatic;
				DEFINES_MODULE = YES;
				DEVELOPMENT_TEAM = SU5BA5HAQK;
				DYLIB_COMPATIBILITY_VERSION = 1;
				DYLIB_CURRENT_VERSION = 1;
				DYLIB_INSTALL_NAME_BASE = "@rpath";
				INFOPLIST_FILE = "$(SRCROOT)/GIGTranslations/Supporting Files/Info.plist";
				INSTALL_PATH = "$(LOCAL_LIBRARY_DIR)/Frameworks";
				IPHONEOS_DEPLOYMENT_TARGET = 9.0;
				LD_RUNPATH_SEARCH_PATHS = (
					"$(inherited)",
					"@executable_path/Frameworks",
					"@loader_path/Frameworks",
				);
				PRODUCT_BUNDLE_IDENTIFIER = gigigo.es.GIGTranslations;
				PRODUCT_NAME = "$(TARGET_NAME:c99extidentifier)";
				SKIP_INSTALL = NO;
				SWIFT_OPTIMIZATION_LEVEL = "-Onone";
				SWIFT_VERSION = 4.0;
				TARGETED_DEVICE_FAMILY = "1,2";
			};
			name = Debug;
		};
		6190367120C54B27005897C0 /* Release */ = {
			isa = XCBuildConfiguration;
			buildSettings = {
				CLANG_ENABLE_MODULES = YES;
				CODE_SIGN_IDENTITY = "";
				CODE_SIGN_STYLE = Automatic;
				DEFINES_MODULE = YES;
				DEVELOPMENT_TEAM = SU5BA5HAQK;
				DYLIB_COMPATIBILITY_VERSION = 1;
				DYLIB_CURRENT_VERSION = 1;
				DYLIB_INSTALL_NAME_BASE = "@rpath";
				INFOPLIST_FILE = "$(SRCROOT)/GIGTranslations/Supporting Files/Info.plist";
				INSTALL_PATH = "$(LOCAL_LIBRARY_DIR)/Frameworks";
				IPHONEOS_DEPLOYMENT_TARGET = 9.0;
				LD_RUNPATH_SEARCH_PATHS = (
					"$(inherited)",
					"@executable_path/Frameworks",
					"@loader_path/Frameworks",
				);
				PRODUCT_BUNDLE_IDENTIFIER = gigigo.es.GIGTranslations;
				PRODUCT_NAME = "$(TARGET_NAME:c99extidentifier)";
				SKIP_INSTALL = NO;
				SWIFT_VERSION = 4.0;
				TARGETED_DEVICE_FAMILY = "1,2";
			};
			name = Release;
		};
		6190367320C54B27005897C0 /* Debug */ = {
			isa = XCBuildConfiguration;
			buildSettings = {
				ALWAYS_EMBED_SWIFT_STANDARD_LIBRARIES = YES;
				CODE_SIGN_STYLE = Automatic;
				DEVELOPMENT_TEAM = TVRY3QTMW2;
				INFOPLIST_FILE = GIGTranslationsTests/Info.plist;
				LD_RUNPATH_SEARCH_PATHS = (
					"$(inherited)",
					"@executable_path/Frameworks",
					"@loader_path/Frameworks",
				);
				PRODUCT_BUNDLE_IDENTIFIER = gigigo.es.GIGTranslationsTests;
				PRODUCT_NAME = "$(TARGET_NAME)";
				SWIFT_VERSION = 4.0;
				TARGETED_DEVICE_FAMILY = "1,2";
			};
			name = Debug;
		};
		6190367420C54B27005897C0 /* Release */ = {
			isa = XCBuildConfiguration;
			buildSettings = {
				ALWAYS_EMBED_SWIFT_STANDARD_LIBRARIES = YES;
				CODE_SIGN_STYLE = Automatic;
				DEVELOPMENT_TEAM = TVRY3QTMW2;
				INFOPLIST_FILE = GIGTranslationsTests/Info.plist;
				LD_RUNPATH_SEARCH_PATHS = (
					"$(inherited)",
					"@executable_path/Frameworks",
					"@loader_path/Frameworks",
				);
				PRODUCT_BUNDLE_IDENTIFIER = gigigo.es.GIGTranslationsTests;
				PRODUCT_NAME = "$(TARGET_NAME)";
				SWIFT_VERSION = 4.0;
				TARGETED_DEVICE_FAMILY = "1,2";
			};
			name = Release;
		};
/* End XCBuildConfiguration section */

/* Begin XCConfigurationList section */
		025AD38320C6D513007E4695 /* Build configuration list for PBXNativeTarget "translations-sync" */ = {
			isa = XCConfigurationList;
			buildConfigurations = (
				025AD38120C6D513007E4695 /* Debug */,
				025AD38220C6D513007E4695 /* Release */,
			);
			defaultConfigurationIsVisible = 0;
			defaultConfigurationName = Release;
		};
		615A41C320CA817400542957 /* Build configuration list for PBXNativeTarget "GIGTranslationsDemo" */ = {
			isa = XCConfigurationList;
			buildConfigurations = (
				615A41BF20CA817400542957 /* Debug */,
				615A41C020CA817400542957 /* Release */,
			);
			defaultConfigurationIsVisible = 0;
			defaultConfigurationName = Release;
		};
		615A41C420CA817400542957 /* Build configuration list for PBXNativeTarget "GIGTranslationsDemoTests" */ = {
			isa = XCConfigurationList;
			buildConfigurations = (
				615A41C120CA817400542957 /* Debug */,
				615A41C220CA817400542957 /* Release */,
			);
			defaultConfigurationIsVisible = 0;
			defaultConfigurationName = Release;
		};
		6190365520C54B27005897C0 /* Build configuration list for PBXProject "GIGTranslations" */ = {
			isa = XCConfigurationList;
			buildConfigurations = (
				6190366D20C54B27005897C0 /* Debug */,
				6190366E20C54B27005897C0 /* Release */,
			);
			defaultConfigurationIsVisible = 0;
			defaultConfigurationName = Release;
		};
		6190366F20C54B27005897C0 /* Build configuration list for PBXNativeTarget "GIGTranslations" */ = {
			isa = XCConfigurationList;
			buildConfigurations = (
				6190367020C54B27005897C0 /* Debug */,
				6190367120C54B27005897C0 /* Release */,
			);
			defaultConfigurationIsVisible = 0;
			defaultConfigurationName = Release;
		};
		6190367220C54B27005897C0 /* Build configuration list for PBXNativeTarget "GIGTranslationsTests" */ = {
			isa = XCConfigurationList;
			buildConfigurations = (
				6190367320C54B27005897C0 /* Debug */,
				6190367420C54B27005897C0 /* Release */,
			);
			defaultConfigurationIsVisible = 0;
			defaultConfigurationName = Release;
		};
/* End XCConfigurationList section */
	};
	rootObject = 6190365220C54B27005897C0 /* Project object */;
}
